
Microsoft Visual Studio Solution File, Format Version 12.00
# Visual Studio Version 17
VisualStudioVersion = 17.1.32210.238
MinimumVisualStudioVersion = 10.0.40219.1
Project("{FAE04EC0-301F-11D3-BF4B-00C04F79EFBC}") = "RoomBooking.Core.Tests", "RoomBooking.Core.Tests\RoomBooking.Core.Tests.csproj", "{C0F830A8-D455-4F64-8C28-1FE5C0927F61}"
EndProject
Project("{FAE04EC0-301F-11D3-BF4B-00C04F79EFBC}") = "RoomBooking.Core", "RoomBooking.Core\RoomBooking.Core.csproj", "{DD370A5D-15BC-47B5-B453-A7411420B9B1}"
EndProject
Global
	GlobalSection(SolutionConfigurationPlatforms) = preSolution
		Debug|Any CPU = Debug|Any CPU
		Release|Any CPU = Release|Any CPU
	EndGlobalSection
	GlobalSection(ProjectConfigurationPlatforms) = postSolution
		{C0F830A8-D455-4F64-8C28-1FE5C0927F61}.Debug|Any CPU.ActiveCfg = Debug|Any CPU
		{C0F830A8-D455-4F64-8C28-1FE5C0927F61}.Debug|Any CPU.Build.0 = Debug|Any CPU
		{C0F830A8-D455-4F64-8C28-1FE5C0927F61}.Release|Any CPU.ActiveCfg = Release|Any CPU
		{C0F830A8-D455-4F64-8C28-1FE5C0927F61}.Release|Any CPU.Build.0 = Release|Any CPU
		{DD370A5D-15BC-47B5-B453-A7411420B9B1}.Debug|Any CPU.ActiveCfg = Debug|Any CPU
		{DD370A5D-15BC-47B5-B453-A7411420B9B1}.Debug|Any CPU.Build.0 = Debug|Any CPU
		{DD370A5D-15BC-47B5-B453-A7411420B9B1}.Release|Any CPU.ActiveCfg = Release|Any CPU
		{DD370A5D-15BC-47B5-B453-A7411420B9B1}.Release|Any CPU.Build.0 = Release|Any CPU
	EndGlobalSection
	GlobalSection(SolutionProperties) = preSolution
		HideSolutionNode = FALSE
	EndGlobalSection
	GlobalSection(ExtensibilityGlobals) = postSolution
		SolutionGuid = {DEF05A16-FB9B-4251-837B-4C2C19364877}
	EndGlobalSection
EndGlobal
